
Microsoft Visual Studio Solution File, Format Version 12.00
# Visual Studio Version 16
VisualStudioVersion = 16.0.28803.202
MinimumVisualStudioVersion = 10.0.40219.1
Project("{FAE04EC0-301F-11D3-BF4B-00C04F79EFBC}") = "PromotionParser", "PromotionParser\PromotionParser.csproj", "{1524F345-1B60-4F2B-88CD-0798F26B4C82}"
EndProject
Project("{FAE04EC0-301F-11D3-BF4B-00C04F79EFBC}") = "PromotionParser.UI", "PromotionParser.UI\PromotionParser.UI.csproj", "{8660BDEA-6AB9-4B70-A371-5C13453B0B1C}"
EndProject
Global
	GlobalSection(SolutionConfigurationPlatforms) = preSolution
		Debug|Any CPU = Debug|Any CPU
		Release|Any CPU = Release|Any CPU
	EndGlobalSection
	GlobalSection(ProjectConfigurationPlatforms) = postSolution
		{1524F345-1B60-4F2B-88CD-0798F26B4C82}.Debug|Any CPU.ActiveCfg = Debug|Any CPU
		{1524F345-1B60-4F2B-88CD-0798F26B4C82}.Debug|Any CPU.Build.0 = Debug|Any CPU
		{1524F345-1B60-4F2B-88CD-0798F26B4C82}.Release|Any CPU.ActiveCfg = Release|Any CPU
		{1524F345-1B60-4F2B-88CD-0798F26B4C82}.Release|Any CPU.Build.0 = Release|Any CPU
		{8660BDEA-6AB9-4B70-A371-5C13453B0B1C}.Debug|Any CPU.ActiveCfg = Debug|Any CPU
		{8660BDEA-6AB9-4B70-A371-5C13453B0B1C}.Debug|Any CPU.Build.0 = Debug|Any CPU
		{8660BDEA-6AB9-4B70-A371-5C13453B0B1C}.Release|Any CPU.ActiveCfg = Release|Any CPU
		{8660BDEA-6AB9-4B70-A371-5C13453B0B1C}.Release|Any CPU.Build.0 = Release|Any CPU
	EndGlobalSection
	GlobalSection(SolutionProperties) = preSolution
		HideSolutionNode = FALSE
	EndGlobalSection
	GlobalSection(ExtensibilityGlobals) = postSolution
		SolutionGuid = {3F01B6C6-FC0B-40D3-A348-1462B9EB7C46}
	EndGlobalSection
EndGlobal
